
Microsoft Visual Studio Solution File, Format Version 12.00
# Visual Studio Version 16
VisualStudioVersion = 16.0.31129.286
MinimumVisualStudioVersion = 10.0.40219.1
Project("{FAE04EC0-301F-11D3-BF4B-00C04F79EFBC}") = "StudentManager", "StudentManager\StudentManager.csproj", "{51D9D17F-CC6F-45A5-92B1-E77EA71E65CF}"
EndProject
Global
	GlobalSection(SolutionConfigurationPlatforms) = preSolution
		Debug|Any CPU = Debug|Any CPU
		Release|Any CPU = Release|Any CPU
	EndGlobalSection
	GlobalSection(ProjectConfigurationPlatforms) = postSolution
		{51D9D17F-CC6F-45A5-92B1-E77EA71E65CF}.Debug|Any CPU.ActiveCfg = Debug|Any CPU
		{51D9D17F-CC6F-45A5-92B1-E77EA71E65CF}.Debug|Any CPU.Build.0 = Debug|Any CPU
		{51D9D17F-CC6F-45A5-92B1-E77EA71E65CF}.Release|Any CPU.ActiveCfg = Release|Any CPU
		{51D9D17F-CC6F-45A5-92B1-E77EA71E65CF}.Release|Any CPU.Build.0 = Release|Any CPU
	EndGlobalSection
	GlobalSection(SolutionProperties) = preSolution
		HideSolutionNode = FALSE
	EndGlobalSection
	GlobalSection(ExtensibilityGlobals) = postSolution
		SolutionGuid = {2DF13B89-DF75-44A7-9CC0-C08A711BEA24}
	EndGlobalSection
EndGlobal
